
Microsoft Visual Studio Solution File, Format Version 12.00
# Visual Studio 15
VisualStudioVersion = 15.0.28010.2050
MinimumVisualStudioVersion = 10.0.40219.1
Project("{FAE04EC0-301F-11D3-BF4B-00C04F79EFBC}") = "MediKeeperAPI", "MediKeeperAPI\MediKeeperAPI.csproj", "{2F9B9FD2-B3D4-4B19-BD95-5AE3ADCE38F5}"
EndProject
Global
	GlobalSection(SolutionConfigurationPlatforms) = preSolution
		Debug|Any CPU = Debug|Any CPU
		Release|Any CPU = Release|Any CPU
	EndGlobalSection
	GlobalSection(ProjectConfigurationPlatforms) = postSolution
		{2F9B9FD2-B3D4-4B19-BD95-5AE3ADCE38F5}.Debug|Any CPU.ActiveCfg = Debug|Any CPU
		{2F9B9FD2-B3D4-4B19-BD95-5AE3ADCE38F5}.Debug|Any CPU.Build.0 = Debug|Any CPU
		{2F9B9FD2-B3D4-4B19-BD95-5AE3ADCE38F5}.Release|Any CPU.ActiveCfg = Release|Any CPU
		{2F9B9FD2-B3D4-4B19-BD95-5AE3ADCE38F5}.Release|Any CPU.Build.0 = Release|Any CPU
	EndGlobalSection
	GlobalSection(SolutionProperties) = preSolution
		HideSolutionNode = FALSE
	EndGlobalSection
	GlobalSection(ExtensibilityGlobals) = postSolution
		SolutionGuid = {BEAE5E88-5BC8-4AAF-ADF5-1ED6ED42CDDE}
	EndGlobalSection
EndGlobal
